Microsoft Visual Studio Solution File, Format Version 12.00
# Visual Studio Version 17
VisualStudioVersion = 17.9.34723.18
MinimumVisualStudioVersion = 10.0.40219.1
Project("{FAE04EC0-301F-11D3-BF4B-00C04F79EFBC}") = "DurableBetterProspecting", "DurableBetterProspecting\DurableBetterProspecting.csproj", "{ABDC256A-BBAE-4E06-AE68-C55970F36880}"
EndProject
Project("{FAE04EC0-301F-11D3-BF4B-00C04F79EFBC}") = "DurableBetterProspecting.Cake", "DurableBetterProspecting.Cake\DurableBetterProspecting.Cake.csproj", "{2C02C68E-4581-4E94-9C91-6613C9D4E404}"
EndProject
Global
	GlobalSection(SolutionConfigurationPlatforms) = preSolution
		Debug|Any CPU = Debug|Any CPU
		Release|Any CPU = Release|Any CPU
	EndGlobalSection
	GlobalSection(ProjectConfigurationPlatforms) = postSolution
		{ABDC256A-BBAE-4E06-AE68-C55970F36880}.Debug|Any CPU.ActiveCfg = Debug|Any CPU
		{ABDC256A-BBAE-4E06-AE68-C55970F36880}.Debug|Any CPU.Build.0 = Debug|Any CPU
		{ABDC256A-BBAE-4E06-AE68-C55970F36880}.Release|Any CPU.ActiveCfg = Release|Any CPU
		{ABDC256A-BBAE-4E06-AE68-C55970F36880}.Release|Any CPU.Build.0 = Release|Any CPU
		{2C02C68E-4581-4E94-9C91-6613C9D4E404}.Debug|Any CPU.ActiveCfg = Debug|Any CPU
		{2C02C68E-4581-4E94-9C91-6613C9D4E404}.Debug|Any CPU.Build.0 = Debug|Any CPU
		{2C02C68E-4581-4E94-9C91-6613C9D4E404}.Release|Any CPU.ActiveCfg = Release|Any CPU
		{2C02C68E-4581-4E94-9C91-6613C9D4E404}.Release|Any CPU.Build.0 = Release|Any CPU
	EndGlobalSection
	GlobalSection(SolutionProperties) = preSolution
		HideSolutionNode = FALSE
	EndGlobalSection
	GlobalSection(ExtensibilityGlobals) = postSolution
		SolutionGuid = {B2390074-6403-480A-8070-8188ABEDD6E5}
	EndGlobalSection
EndGlobal
